// !$*UTF8*$!
{
	archiveVersion = 1;
	classes = {
	};
	objectVersion = 46;
	objects = {

/* Begin PBXBuildFile section */
		A6074FFA180A4C6400396E55 /* RoutesViewController.m in Sources */ = {isa = PBXBuildFile; fileRef = A6074FF9180A4C6400396E55 /* RoutesViewController.m */; };
		A6430C82180C856E00C0A699 /* Trip.m in Sources */ = {isa = PBXBuildFile; fileRef = A6430C81180C856E00C0A699 /* Trip.m */; };
		A6430C85180CCAC500C0A699 /* SettingsViewController.m in Sources */ = {isa = PBXBuildFile; fileRef = A6430C84180CCAC500C0A699 /* SettingsViewController.m */; };
		A64C9546180CD7ED0010336B /* BuzzViewController.m in Sources */ = {isa = PBXBuildFile; fileRef = A64C9545180CD7ED0010336B /* BuzzViewController.m */; };
		A64C9549180CE4860010336B /* buzzData.m in Sources */ = {isa = PBXBuildFile; fileRef = A64C9548180CE4860010336B /* buzzData.m */; };
		A666565E180A370500387844 /* Stops.m in Sources */ = {isa = PBXBuildFile; fileRef = A666565D180A370500387844 /* Stops.m */; };
		A698ED981808918A00482EC5 /* Foundation.framework in Frameworks */ = {isa = PBXBuildFile; fileRef = A698ED971808918A00482EC5 /* Foundation.framework */; };
		A698ED9A1808918A00482EC5 /* CoreGraphics.framework in Frameworks */ = {isa = PBXBuildFile; fileRef = A698ED991808918A00482EC5 /* CoreGraphics.framework */; };
		A698ED9C1808918A00482EC5 /* UIKit.framework in Frameworks */ = {isa = PBXBuildFile; fileRef = A698ED9B1808918A00482EC5 /* UIKit.framework */; };
		A698EDA21808918A00482EC5 /* InfoPlist.strings in Resources */ = {isa = PBXBuildFile; fileRef = A698EDA01808918A00482EC5 /* InfoPlist.strings */; };
		A698EDA41808918A00482EC5 /* main.m in Sources */ = {isa = PBXBuildFile; fileRef = A698EDA31808918A00482EC5 /* main.m */; };
		A698EDA81808918A00482EC5 /* AppDelegate.m in Sources */ = {isa = PBXBuildFile; fileRef = A698EDA71808918A00482EC5 /* AppDelegate.m */; };
		A698EDAB1808918A00482EC5 /* Main.storyboard in Resources */ = {isa = PBXBuildFile; fileRef = A698EDA91808918A00482EC5 /* Main.storyboard */; };
		A698EDAE1808918A00482EC5 /* ViewController.m in Sources */ = {isa = PBXBuildFile; fileRef = A698EDAD1808918A00482EC5 /* ViewController.m */; };
		A698EDB01808918A00482EC5 /* Images.xcassets in Resources */ = {isa = PBXBuildFile; fileRef = A698EDAF1808918A00482EC5 /* Images.xcassets */; };
		A698EDB71808918A00482EC5 /* XCTest.framework in Frameworks */ = {isa = PBXBuildFile; fileRef = A698EDB61808918A00482EC5 /* XCTest.framework */; };
		A698EDB81808918A00482EC5 /* Foundation.framework in Frameworks */ = {isa = PBXBuildFile; fileRef = A698ED971808918A00482EC5 /* Foundation.framework */; };
		A698EDB91808918A00482EC5 /* UIKit.framework in Frameworks */ = {isa = PBXBuildFile; fileRef = A698ED9B1808918A00482EC5 /* UIKit.framework */; };
		A698EDC11808918A00482EC5 /* InfoPlist.strings in Resources */ = {isa = PBXBuildFile; fileRef = A698EDBF1808918A00482EC5 /* InfoPlist.strings */; };
		A698EDC31808918A00482EC5 /* munibuzz2Tests.m in Sources */ = {isa = PBXBuildFile; fileRef = A698EDC21808918A00482EC5 /* munibuzz2Tests.m */; };
		A6F4848F180D0CEC00523012 /* StopsTableViewController.m in Sources */ = {isa = PBXBuildFile; fileRef = A6F4848E180D0CEC00523012 /* StopsTableViewController.m */; };
		A6F48492180D331E00523012 /* ReminderTableViewController.m in Sources */ = {isa = PBXBuildFile; fileRef = A6F48491180D331E00523012 /* ReminderTableViewController.m */; };
		A6F48495180D332900523012 /* RepeatTableViewController.m in Sources */ = {isa = PBXBuildFile; fileRef = A6F48494180D332900523012 /* RepeatTableViewController.m */; };
/* End PBXBuildFile section */

/* Begin PBXContainerItemProxy section */
		A698EDBA1808918A00482EC5 /* PBXContainerItemProxy */ = {
			isa = PBXContainerItemProxy;
			containerPortal = A698ED8C1808918A00482EC5 /* Project object */;
			proxyType = 1;
			remoteGlobalIDString = A698ED931808918A00482EC5;
			remoteInfo = munibuzz2;
		};
/* End PBXContainerItemProxy section */

/* Begin PBXFileReference section */
		A6074FF8180A4C6400396E55 /* RoutesViewController.h */ = {isa = PBXFileReference; fileEncoding = 4; lastKnownFileType = sourcecode.c.h; path = RoutesViewController.h; sourceTree = "<group>"; };
		A6074FF9180A4C6400396E55 /* RoutesViewController.m */ = {isa = PBXFileReference; fileEncoding = 4; lastKnownFileType = sourcecode.c.objc; path = RoutesViewController.m; sourceTree = "<group>"; };
		A6430C80180C856E00C0A699 /* Trip.h */ = {isa = PBXFileReference; fileEncoding = 4; lastKnownFileType = sourcecode.c.h; path = Trip.h; sourceTree = "<group>"; };
		A6430C81180C856E00C0A699 /* Trip.m */ = {isa = PBXFileReference; fileEncoding = 4; lastKnownFileType = sourcecode.c.objc; path = Trip.m; sourceTree = "<group>"; };
		A6430C83180CCAC500C0A699 /* SettingsViewController.h */ = {isa = PBXFileReference; fileEncoding = 4; lastKnownFileType = sourcecode.c.h; path = SettingsViewController.h; sourceTree = "<group>"; };
		A6430C84180CCAC500C0A699 /* SettingsViewController.m */ = {isa = PBXFileReference; fileEncoding = 4; lastKnownFileType = sourcecode.c.objc; path = SettingsViewController.m; sourceTree = "<group>"; };
		A64C9544180CD7ED0010336B /* BuzzViewController.h */ = {isa = PBXFileReference; fileEncoding = 4; lastKnownFileType = sourcecode.c.h; path = BuzzViewController.h; sourceTree = "<group>"; };
		A64C9545180CD7ED0010336B /* BuzzViewController.m */ = {isa = PBXFileReference; fileEncoding = 4; lastKnownFileType = sourcecode.c.objc; path = BuzzViewController.m; sourceTree = "<group>"; };
		A64C9547180CE4860010336B /* buzzData.h */ = {isa = PBXFileReference; fileEncoding = 4; lastKnownFileType = sourcecode.c.h; path = buzzData.h; sourceTree = "<group>"; };
		A64C9548180CE4860010336B /* buzzData.m */ = {isa = PBXFileReference; fileEncoding = 4; lastKnownFileType = sourcecode.c.objc; path = buzzData.m; sourceTree = "<group>"; };
		A666565C180A370500387844 /* Stops.h */ = {isa = PBXFileReference; fileEncoding = 4; lastKnownFileType = sourcecode.c.h; path = Stops.h; sourceTree = "<group>"; };
		A666565D180A370500387844 /* Stops.m */ = {isa = PBXFileReference; fileEncoding = 4; lastKnownFileType = sourcecode.c.objc; path = Stops.m; sourceTree = "<group>"; };
		A698ED941808918A00482EC5 /* munibuzz2.app */ = {isa = PBXFileReference; explicitFileType = wrapper.application; includeInIndex = 0; path = munibuzz2.app; sourceTree = BUILT_PRODUCTS_DIR; };
		A698ED971808918A00482EC5 /* Foundation.framework */ = {isa = PBXFileReference; lastKnownFileType = wrapper.framework; name = Foundation.framework; path = System/Library/Frameworks/Foundation.framework; sourceTree = SDKROOT; };
		A698ED991808918A00482EC5 /* CoreGraphics.framework */ = {isa = PBXFileReference; lastKnownFileType = wrapper.framework; name = CoreGraphics.framework; path = System/Library/Frameworks/CoreGraphics.framework; sourceTree = SDKROOT; };
		A698ED9B1808918A00482EC5 /* UIKit.framework */ = {isa = PBXFileReference; lastKnownFileType = wrapper.framework; name = UIKit.framework; path = System/Library/Frameworks/UIKit.framework; sourceTree = SDKROOT; };
		A698ED9F1808918A00482EC5 /* munibuzz2-Info.plist */ = {isa = PBXFileReference; lastKnownFileType = text.plist.xml; path = "munibuzz2-Info.plist"; sourceTree = "<group>"; };
		A698EDA11808918A00482EC5 /* en */ = {isa = PBXFileReference; lastKnownFileType = text.plist.strings; name = en; path = en.lproj/InfoPlist.strings; sourceTree = "<group>"; };
		A698EDA31808918A00482EC5 /* main.m */ = {isa = PBXFileReference; lastKnownFileType = sourcecode.c.objc; path = main.m; sourceTree = "<group>"; };
		A698EDA51808918A00482EC5 /* munibuzz2-Prefix.pch */ = {isa = PBXFileReference; lastKnownFileType = sourcecode.c.h; path = "munibuzz2-Prefix.pch"; sourceTree = "<group>"; };
		A698EDA61808918A00482EC5 /* AppDelegate.h */ = {isa = PBXFileReference; lastKnownFileType = sourcecode.c.h; path = AppDelegate.h; sourceTree = "<group>"; };
		A698EDA71808918A00482EC5 /* AppDelegate.m */ = {isa = PBXFileReference; lastKnownFileType = sourcecode.c.objc; path = AppDelegate.m; sourceTree = "<group>"; };
		A698EDAA1808918A00482EC5 /* Base */ = {isa = PBXFileReference; lastKnownFileType = file.storyboard; name = Base; path = Base.lproj/Main.storyboard; sourceTree = "<group>"; };
		A698EDAC1808918A00482EC5 /* ViewController.h */ = {isa = PBXFileReference; lastKnownFileType = sourcecode.c.h; path = ViewController.h; sourceTree = "<group>"; };
		A698EDAD1808918A00482EC5 /* ViewController.m */ = {isa = PBXFileReference; lastKnownFileType = sourcecode.c.objc; path = ViewController.m; sourceTree = "<group>"; };
		A698EDAF1808918A00482EC5 /* Images.xcassets */ = {isa = PBXFileReference; lastKnownFileType = folder.assetcatalog; path = Images.xcassets; sourceTree = "<group>"; };
		A698EDB51808918A00482EC5 /* munibuzz2Tests.xctest */ = {isa = PBXFileReference; explicitFileType = wrapper.cfbundle; includeInIndex = 0; path = munibuzz2Tests.xctest; sourceTree = BUILT_PRODUCTS_DIR; };
		A698EDB61808918A00482EC5 /* XCTest.framework */ = {isa = PBXFileReference; lastKnownFileType = wrapper.framework; name = XCTest.framework; path = Library/Frameworks/XCTest.framework; sourceTree = DEVELOPER_DIR; };
		A698EDBE1808918A00482EC5 /* munibuzz2Tests-Info.plist */ = {isa = PBXFileReference; lastKnownFileType = text.plist.xml; path = "munibuzz2Tests-Info.plist"; sourceTree = "<group>"; };
		A698EDC01808918A00482EC5 /* en */ = {isa = PBXFileReference; lastKnownFileType = text.plist.strings; name = en; path = en.lproj/InfoPlist.strings; sourceTree = "<group>"; };
		A698EDC21808918A00482EC5 /* munibuzz2Tests.m */ = {isa = PBXFileReference; lastKnownFileType = sourcecode.c.objc; path = munibuzz2Tests.m; sourceTree = "<group>"; };
		A6F4848D180D0CEC00523012 /* StopsTableViewController.h */ = {isa = PBXFileReference; fileEncoding = 4; lastKnownFileType = sourcecode.c.h; path = StopsTableViewController.h; sourceTree = "<group>"; };
		A6F4848E180D0CEC00523012 /* StopsTableViewController.m */ = {isa = PBXFileReference; fileEncoding = 4; lastKnownFileType = sourcecode.c.objc; path = StopsTableViewController.m; sourceTree = "<group>"; };
		A6F48490180D331E00523012 /* ReminderTableViewController.h */ = {isa = PBXFileReference; fileEncoding = 4; lastKnownFileType = sourcecode.c.h; path = ReminderTableViewController.h; sourceTree = "<group>"; };
		A6F48491180D331E00523012 /* ReminderTableViewController.m */ = {isa = PBXFileReference; fileEncoding = 4; lastKnownFileType = sourcecode.c.objc; path = ReminderTableViewController.m; sourceTree = "<group>"; };
		A6F48493180D332900523012 /* RepeatTableViewController.h */ = {isa = PBXFileReference; fileEncoding = 4; lastKnownFileType = sourcecode.c.h; path = RepeatTableViewController.h; sourceTree = "<group>"; };
		A6F48494180D332900523012 /* RepeatTableViewController.m */ = {isa = PBXFileReference; fileEncoding = 4; lastKnownFileType = sourcecode.c.objc; path = RepeatTableViewController.m; sourceTree = "<group>"; };
/* End PBXFileReference section */

/* Begin PBXFrameworksBuildPhase section */
		A698ED911808918A00482EC5 /* Frameworks */ = {
			isa = PBXFrameworksBuildPhase;
			buildActionMask = 2147483647;
			files = (
				A698ED9A1808918A00482EC5 /* CoreGraphics.framework in Frameworks */,
				A698ED9C1808918A00482EC5 /* UIKit.framework in Frameworks */,
				A698ED981808918A00482EC5 /* Foundation.framework in Frameworks */,
			);
			runOnlyForDeploymentPostprocessing = 0;
		};
		A698EDB21808918A00482EC5 /* Frameworks */ = {
			isa = PBXFrameworksBuildPhase;
			buildActionMask = 2147483647;
			files = (
				A698EDB71808918A00482EC5 /* XCTest.framework in Frameworks */,
				A698EDB91808918A00482EC5 /* UIKit.framework in Frameworks */,
				A698EDB81808918A00482EC5 /* Foundation.framework in Frameworks */,
			);
			runOnlyForDeploymentPostprocessing = 0;
		};
/* End PBXFrameworksBuildPhase section */

/* Begin PBXGroup section */
		A698ED8B1808918A00482EC5 = {
			isa = PBXGroup;
			children = (
				A698ED9D1808918A00482EC5 /* munibuzz2 */,
				A698EDBC1808918A00482EC5 /* munibuzz2Tests */,
				A698ED961808918A00482EC5 /* Frameworks */,
				A698ED951808918A00482EC5 /* Products */,
			);
			sourceTree = "<group>";
		};
		A698ED951808918A00482EC5 /* Products */ = {
			isa = PBXGroup;
			children = (
				A698ED941808918A00482EC5 /* munibuzz2.app */,
				A698EDB51808918A00482EC5 /* munibuzz2Tests.xctest */,
			);
			name = Products;
			sourceTree = "<group>";
		};
		A698ED961808918A00482EC5 /* Frameworks */ = {
			isa = PBXGroup;
			children = (
				A698ED971808918A00482EC5 /* Foundation.framework */,
				A698ED991808918A00482EC5 /* CoreGraphics.framework */,
				A698ED9B1808918A00482EC5 /* UIKit.framework */,
				A698EDB61808918A00482EC5 /* XCTest.framework */,
			);
			name = Frameworks;
			sourceTree = "<group>";
		};
		A698ED9D1808918A00482EC5 /* munibuzz2 */ = {
			isa = PBXGroup;
			children = (
				A698EDA61808918A00482EC5 /* AppDelegate.h */,
				A698EDA71808918A00482EC5 /* AppDelegate.m */,
				A698EDAC1808918A00482EC5 /* ViewController.h */,
				A698EDAD1808918A00482EC5 /* ViewController.m */,
				A698EDA91808918A00482EC5 /* Main.storyboard */,
				A666565C180A370500387844 /* Stops.h */,
				A666565D180A370500387844 /* Stops.m */,
				A6430C80180C856E00C0A699 /* Trip.h */,
				A6430C81180C856E00C0A699 /* Trip.m */,
				A64C9547180CE4860010336B /* buzzData.h */,
				A64C9548180CE4860010336B /* buzzData.m */,
				A64C9544180CD7ED0010336B /* BuzzViewController.h */,
				A64C9545180CD7ED0010336B /* BuzzViewController.m */,
				A6074FF8180A4C6400396E55 /* RoutesViewController.h */,
				A6074FF9180A4C6400396E55 /* RoutesViewController.m */,
				A6F48493180D332900523012 /* RepeatTableViewController.h */,
				A6F48494180D332900523012 /* RepeatTableViewController.m */,
				A6F48490180D331E00523012 /* ReminderTableViewController.h */,
				A6F48491180D331E00523012 /* ReminderTableViewController.m */,
				A6430C83180CCAC500C0A699 /* SettingsViewController.h */,
				A6430C84180CCAC500C0A699 /* SettingsViewController.m */,
				A6F4848D180D0CEC00523012 /* StopsTableViewController.h */,
				A6F4848E180D0CEC00523012 /* StopsTableViewController.m */,
				A698EDAF1808918A00482EC5 /* Images.xcassets */,
				A698ED9E1808918A00482EC5 /* Supporting Files */,
			);
			path = munibuzz2;
			sourceTree = "<group>";
		};
		A698ED9E1808918A00482EC5 /* Supporting Files */ = {
			isa = PBXGroup;
			children = (
				A698ED9F1808918A00482EC5 /* munibuzz2-Info.plist */,
				A698EDA01808918A00482EC5 /* InfoPlist.strings */,
				A698EDA31808918A00482EC5 /* main.m */,
				A698EDA51808918A00482EC5 /* munibuzz2-Prefix.pch */,
			);
			name = "Supporting Files";
			sourceTree = "<group>";
		};
		A698EDBC1808918A00482EC5 /* munibuzz2Tests */ = {
			isa = PBXGroup;
			children = (
				A698EDC21808918A00482EC5 /* munibuzz2Tests.m */,
				A698EDBD1808918A00482EC5 /* Supporting Files */,
			);
			path = munibuzz2Tests;
			sourceTree = "<group>";
		};
		A698EDBD1808918A00482EC5 /* Supporting Files */ = {
			isa = PBXGroup;
			children = (
				A698EDBE1808918A00482EC5 /* munibuzz2Tests-Info.plist */,
				A698EDBF1808918A00482EC5 /* InfoPlist.strings */,
			);
			name = "Supporting Files";
			sourceTree = "<group>";
		};
/* End PBXGroup section */

/* Begin PBXNativeTarget section */
		A698ED931808918A00482EC5 /* munibuzz2 */ = {
			isa = PBXNativeTarget;
			buildConfigurationList = A698EDC61808918A00482EC5 /* Build configuration list for PBXNativeTarget "munibuzz2" */;
			buildPhases = (
				A698ED901808918A00482EC5 /* Sources */,
				A698ED911808918A00482EC5 /* Frameworks */,
				A698ED921808918A00482EC5 /* Resources */,
			);
			buildRules = (
			);
			dependencies = (
			);
			name = munibuzz2;
			productName = munibuzz2;
			productReference = A698ED941808918A00482EC5 /* munibuzz2.app */;
			productType = "com.apple.product-type.application";
		};
		A698EDB41808918A00482EC5 /* munibuzz2Tests */ = {
			isa = PBXNativeTarget;
			buildConfigurationList = A698EDC91808918A00482EC5 /* Build configuration list for PBXNativeTarget "munibuzz2Tests" */;
			buildPhases = (
				A698EDB11808918A00482EC5 /* Sources */,
				A698EDB21808918A00482EC5 /* Frameworks */,
				A698EDB31808918A00482EC5 /* Resources */,
			);
			buildRules = (
			);
			dependencies = (
				A698EDBB1808918A00482EC5 /* PBXTargetDependency */,
			);
			name = munibuzz2Tests;
			productName = munibuzz2Tests;
			productReference = A698EDB51808918A00482EC5 /* munibuzz2Tests.xctest */;
			productType = "com.apple.product-type.bundle.unit-test";
		};
/* End PBXNativeTarget section */

/* Begin PBXProject section */
		A698ED8C1808918A00482EC5 /* Project object */ = {
			isa = PBXProject;
			attributes = {
				LastUpgradeCheck = 0500;
				ORGANIZATIONNAME = "Kalai Wei";
				TargetAttributes = {
					A698EDB41808918A00482EC5 = {
						TestTargetID = A698ED931808918A00482EC5;
					};
				};
			};
			buildConfigurationList = A698ED8F1808918A00482EC5 /* Build configuration list for PBXProject "munibuzz2" */;
			compatibilityVersion = "Xcode 3.2";
			developmentRegion = English;
			hasScannedForEncodings = 0;
			knownRegions = (
				en,
				Base,
			);
			mainGroup = A698ED8B1808918A00482EC5;
			productRefGroup = A698ED951808918A00482EC5 /* Products */;
			projectDirPath = "";
			projectRoot = "";
			targets = (
				A698ED931808918A00482EC5 /* munibuzz2 */,
				A698EDB41808918A00482EC5 /* munibuzz2Tests */,
			);
		};
/* End PBXProject section */

/* Begin PBXResourcesBuildPhase section */
		A698ED921808918A00482EC5 /* Resources */ = {
			isa = PBXResourcesBuildPhase;
			buildActionMask = 2147483647;
			files = (
				A698EDB01808918A00482EC5 /* Images.xcassets in Resources */,
				A698EDA21808918A00482EC5 /* InfoPlist.strings in Resources */,
				A698EDAB1808918A00482EC5 /* Main.storyboard in Resources */,
			);
			runOnlyForDeploymentPostprocessing = 0;
		};
		A698EDB31808918A00482EC5 /* Resources */ = {
			isa = PBXResourcesBuildPhase;
			buildActionMask = 2147483647;
			files = (
				A698EDC11808918A00482EC5 /* InfoPlist.strings in Resources */,
			);
			runOnlyForDeploymentPostprocessing = 0;
		};
/* End PBXResourcesBuildPhase section */

/* Begin PBXSourcesBuildPhase section */
		A698ED901808918A00482EC5 /* Sources */ = {
			isa = PBXSourcesBuildPhase;
			buildActionMask = 2147483647;
			files = (
				A6F48492180D331E00523012 /* ReminderTableViewController.m in Sources */,
				A698EDAE1808918A00482EC5 /* ViewController.m in Sources */,
				A6F48495180D332900523012 /* RepeatTableViewController.m in Sources */,
				A64C9546180CD7ED0010336B /* BuzzViewController.m in Sources */,
				A6074FFA180A4C6400396E55 /* RoutesViewController.m in Sources */,
				A6430C82180C856E00C0A699 /* Trip.m in Sources */,
				A6430C85180CCAC500C0A699 /* SettingsViewController.m in Sources */,
				A698EDA81808918A00482EC5 /* AppDelegate.m in Sources */,
				A64C9549180CE4860010336B /* buzzData.m in Sources */,
				A6F4848F180D0CEC00523012 /* StopsTableViewController.m in Sources */,
				A666565E180A370500387844 /* Stops.m in Sources */,
				A698EDA41808918A00482EC5 /* main.m in Sources */,
			);
			runOnlyForDeploymentPostprocessing = 0;
		};
		A698EDB11808918A00482EC5 /* Sources */ = {
			isa = PBXSourcesBuildPhase;
			buildActionMask = 2147483647;
			files = (
				A698EDC31808918A00482EC5 /* munibuzz2Tests.m in Sources */,
			);
			runOnlyForDeploymentPostprocessing = 0;
		};
/* End PBXSourcesBuildPhase section */

/* Begin PBXTargetDependency section */
		A698EDBB1808918A00482EC5 /* PBXTargetDependency */ = {
			isa = PBXTargetDependency;
			target = A698ED931808918A00482EC5 /* munibuzz2 */;
			targetProxy = A698EDBA1808918A00482EC5 /* PBXContainerItemProxy */;
		};
/* End PBXTargetDependency section */

/* Begin PBXVariantGroup section */
		A698EDA01808918A00482EC5 /* InfoPlist.strings */ = {
			isa = PBXVariantGroup;
			children = (
				A698EDA11808918A00482EC5 /* en */,
			);
			name = InfoPlist.strings;
			sourceTree = "<group>";
		};
		A698EDA91808918A00482EC5 /* Main.storyboard */ = {
			isa = PBXVariantGroup;
			children = (
				A698EDAA1808918A00482EC5 /* Base */,
			);
			name = Main.storyboard;
			sourceTree = "<group>";
		};
		A698EDBF1808918A00482EC5 /* InfoPlist.strings */ = {
			isa = PBXVariantGroup;
			children = (
				A698EDC01808918A00482EC5 /* en */,
			);
			name = InfoPlist.strings;
			sourceTree = "<group>";
		};
/* End PBXVariantGroup section */

/* Begin XCBuildConfiguration section */
		A698EDC41808918A00482EC5 /* Debug */ = {
			isa = XCBuildConfiguration;
			buildSettings = {
				ALWAYS_SEARCH_USER_PATHS = NO;
				ARCHS = "$(ARCHS_STANDARD_INCLUDING_64_BIT)";
				CLANG_CXX_LANGUAGE_STANDARD = "gnu++0x";
				CLANG_CXX_LIBRARY = "libc++";
				CLANG_ENABLE_MODULES = YES;
				CLANG_ENABLE_OBJC_ARC = YES;
				CLANG_WARN_BOOL_CONVERSION = YES;
				CLANG_WARN_CONSTANT_CONVERSION = YES;
				CLANG_WARN_DIRECT_OBJC_ISA_USAGE = YES_ERROR;
				CLANG_WARN_EMPTY_BODY = YES;
				CLANG_WARN_ENUM_CONVERSION = YES;
				CLANG_WARN_INT_CONVERSION = YES;
				CLANG_WARN_OBJC_ROOT_CLASS = YES_ERROR;
				CLANG_WARN__DUPLICATE_METHOD_MATCH = YES;
				"CODE_SIGN_IDENTITY[sdk=iphoneos*]" = "iPhone Developer";
				COPY_PHASE_STRIP = NO;
				GCC_C_LANGUAGE_STANDARD = gnu99;
				GCC_DYNAMIC_NO_PIC = NO;
				GCC_OPTIMIZATION_LEVEL = 0;
				GCC_PREPROCESSOR_DEFINITIONS = (
					"DEBUG=1",
					"$(inherited)",
				);
				GCC_SYMBOLS_PRIVATE_EXTERN = NO;
				GCC_WARN_64_TO_32_BIT_CONVERSION = YES;
				GCC_WARN_ABOUT_RETURN_TYPE = YES_ERROR;
				GCC_WARN_UNDECLARED_SELECTOR = YES;
				GCC_WARN_UNINITIALIZED_AUTOS = YES;
				GCC_WARN_UNUSED_FUNCTION = YES;
				GCC_WARN_UNUSED_VARIABLE = YES;
				IPHONEOS_DEPLOYMENT_TARGET = 7.0;
				ONLY_ACTIVE_ARCH = YES;
				SDKROOT = iphoneos;
			};
			name = Debug;
		};
		A698EDC51808918A00482EC5 /* Release */ = {
			isa = XCBuildConfiguration;
			buildSettings = {
				ALWAYS_SEARCH_USER_PATHS = NO;
				ARCHS = "$(ARCHS_STANDARD_INCLUDING_64_BIT)";
				CLANG_CXX_LANGUAGE_STANDARD = "gnu++0x";
				CLANG_CXX_LIBRARY = "libc++";
				CLANG_ENABLE_MODULES = YES;
				CLANG_ENABLE_OBJC_ARC = YES;
				CLANG_WARN_BOOL_CONVERSION = YES;
				CLANG_WARN_CONSTANT_CONVERSION = YES;
				CLANG_WARN_DIRECT_OBJC_ISA_USAGE = YES_ERROR;
				CLANG_WARN_EMPTY_BODY = YES;
				CLANG_WARN_ENUM_CONVERSION = YES;
				CLANG_WARN_INT_CONVERSION = YES;
				CLANG_WARN_OBJC_ROOT_CLASS = YES_ERROR;
				CLANG_WARN__DUPLICATE_METHOD_MATCH = YES;
				"CODE_SIGN_IDENTITY[sdk=iphoneos*]" = "iPhone Developer";
				COPY_PHASE_STRIP = YES;
				ENABLE_NS_ASSERTIONS = NO;
				GCC_C_LANGUAGE_STANDARD = gnu99;
				GCC_WARN_64_TO_32_BIT_CONVERSION = YES;
				GCC_WARN_ABOUT_RETURN_TYPE = YES_ERROR;
				GCC_WARN_UNDECLARED_SELECTOR = YES;
				GCC_WARN_UNINITIALIZED_AUTOS = YES;
				GCC_WARN_UNUSED_FUNCTION = YES;
				GCC_WARN_UNUSED_VARIABLE = YES;
				IPHONEOS_DEPLOYMENT_TARGET = 7.0;
				SDKROOT = iphoneos;
				VALIDATE_PRODUCT = YES;
			};
			name = Release;
		};
		A698EDC71808918A00482EC5 /* Debug */ = {
			isa = XCBuildConfiguration;
			buildSettings = {
				ASSETCATALOG_COMPILER_APPICON_NAME = AppIcon;
				ASSETCATALOG_COMPILER_LAUNCHIMAGE_NAME = LaunchImage;
				GCC_PRECOMPILE_PREFIX_HEADER = YES;
				GCC_PREFIX_HEADER = "munibuzz2/munibuzz2-Prefix.pch";
				INFOPLIST_FILE = "munibuzz2/munibuzz2-Info.plist";
				PRODUCT_NAME = "$(TARGET_NAME)";
				WRAPPER_EXTENSION = app;
			};
			name = Debug;
		};
		A698EDC81808918A00482EC5 /* Release */ = {
			isa = XCBuildConfiguration;
			buildSettings = {
				ASSETCATALOG_COMPILER_APPICON_NAME = AppIcon;
				ASSETCATALOG_COMPILER_LAUNCHIMAGE_NAME = LaunchImage;
				GCC_PRECOMPILE_PREFIX_HEADER = YES;
				GCC_PREFIX_HEADER = "munibuzz2/munibuzz2-Prefix.pch";
				INFOPLIST_FILE = "munibuzz2/munibuzz2-Info.plist";
				PRODUCT_NAME = "$(TARGET_NAME)";
				WRAPPER_EXTENSION = app;
			};
			name = Release;
		};
		A698EDCA1808918A00482EC5 /* Debug */ = {
			isa = XCBuildConfiguration;
			buildSettings = {
				ARCHS = "$(ARCHS_STANDARD_INCLUDING_64_BIT)";
				BUNDLE_LOADER = "$(BUILT_PRODUCTS_DIR)/munibuzz2.app/munibuzz2";
				FRAMEWORK_SEARCH_PATHS = (
					"$(SDKROOT)/Developer/Library/Frameworks",
					"$(inherited)",
					"$(DEVELOPER_FRAMEWORKS_DIR)",
				);
				GCC_PRECOMPILE_PREFIX_HEADER = YES;
				GCC_PREFIX_HEADER = "munibuzz2/munibuzz2-Prefix.pch";
				GCC_PREPROCESSOR_DEFINITIONS = (
					"DEBUG=1",
					"$(inherited)",
				);
				INFOPLIST_FILE = "munibuzz2Tests/munibuzz2Tests-Info.plist";
				PRODUCT_NAME = "$(TARGET_NAME)";
				TEST_HOST = "$(BUNDLE_LOADER)";
				WRAPPER_EXTENSION = xctest;
			};
			name = Debug;
		};
		A698EDCB1808918A00482EC5 /* Release */ = {
			isa = XCBuildConfiguration;
			buildSettings = {
				ARCHS = "$(ARCHS_STANDARD_INCLUDING_64_BIT)";
				BUNDLE_LOADER = "$(BUILT_PRODUCTS_DIR)/munibuzz2.app/munibuzz2";
				FRAMEWORK_SEARCH_PATHS = (
					"$(SDKROOT)/Developer/Library/Frameworks",
					"$(inherited)",
					"$(DEVELOPER_FRAMEWORKS_DIR)",
				);
				GCC_PRECOMPILE_PREFIX_HEADER = YES;
				GCC_PREFIX_HEADER = "munibuzz2/munibuzz2-Prefix.pch";
				INFOPLIST_FILE = "munibuzz2Tests/munibuzz2Tests-Info.plist";
				PRODUCT_NAME = "$(TARGET_NAME)";
				TEST_HOST = "$(BUNDLE_LOADER)";
				WRAPPER_EXTENSION = xctest;
			};
			name = Release;
		};
/* End XCBuildConfiguration section */

/* Begin XCConfigurationList section */
		A698ED8F1808918A00482EC5 /* Build configuration list for PBXProject "munibuzz2" */ = {
			isa = XCConfigurationList;
			buildConfigurations = (
				A698EDC41808918A00482EC5 /* Debug */,
				A698EDC51808918A00482EC5 /* Release */,
			);
			defaultConfigurationIsVisible = 0;
			defaultConfigurationName = Release;
		};
		A698EDC61808918A00482EC5 /* Build configuration list for PBXNativeTarget "munibuzz2" */ = {
			isa = XCConfigurationList;
			buildConfigurations = (
				A698EDC71808918A00482EC5 /* Debug */,
				A698EDC81808918A00482EC5 /* Release */,
			);
			defaultConfigurationIsVisible = 0;
			defaultConfigurationName = Release;
		};
		A698EDC91808918A00482EC5 /* Build configuration list for PBXNativeTarget "munibuzz2Tests" */ = {
			isa = XCConfigurationList;
			buildConfigurations = (
				A698EDCA1808918A00482EC5 /* Debug */,
				A698EDCB1808918A00482EC5 /* Release */,
			);
			defaultConfigurationIsVisible = 0;
			defaultConfigurationName = Release;
		};
/* End XCConfigurationList section */
	};
	rootObject = A698ED8C1808918A00482EC5 /* Project object */;
}
